// !$*UTF8*$!
{
	archiveVersion = 1;
	classes = {
	};
	objectVersion = 46;
	objects = {

/* Begin PBXBuildFile section */
		DE60F08A1FB9464800194AE7 /* AppDelegate.swift in Sources */ = {isa = PBXBuildFile; fileRef = DE60F0891FB9464800194AE7 /* AppDelegate.swift */; };
		DE60F08C1FB9464800194AE7 /* ViewController.swift in Sources */ = {isa = PBXBuildFile; fileRef = DE60F08B1FB9464800194AE7 /* ViewController.swift */; };
		DE60F08F1FB9464800194AE7 /* Main.storyboard in Resources */ = {isa = PBXBuildFile; fileRef = DE60F08D1FB9464800194AE7 /* Main.storyboard */; };
		DE60F0911FB9464800194AE7 /* Assets.xcassets in Resources */ = {isa = PBXBuildFile; fileRef = DE60F0901FB9464800194AE7 /* Assets.xcassets */; };
		DE60F0941FB9464800194AE7 /* LaunchScreen.storyboard in Resources */ = {isa = PBXBuildFile; fileRef = DE60F0921FB9464800194AE7 /* LaunchScreen.storyboard */; };
		DE60F09F1FB9464800194AE7 /* FirstKadaiAppTests.swift in Sources */ = {isa = PBXBuildFile; fileRef = DE60F09E1FB9464800194AE7 /* FirstKadaiAppTests.swift */; };
		DE60F0AA1FB9464800194AE7 /* FirstKadaiAppUITests.swift in Sources */ = {isa = PBXBuildFile; fileRef = DE60F0A91FB9464800194AE7 /* FirstKadaiAppUITests.swift */; };
/* End PBXBuildFile section */

/* Begin PBXContainerItemProxy section */
		DE60F09B1FB9464800194AE7 /* PBXContainerItemProxy */ = {
			isa = PBXContainerItemProxy;
			containerPortal = DE60F07E1FB9464800194AE7 /* Project object */;
			proxyType = 1;
			remoteGlobalIDString = DE60F0851FB9464800194AE7;
			remoteInfo = FirstKadaiApp;
		};
		DE60F0A61FB9464800194AE7 /* PBXContainerItemProxy */ = {
			isa = PBXContainerItemProxy;
			containerPortal = DE60F07E1FB9464800194AE7 /* Project object */;
			proxyType = 1;
			remoteGlobalIDString = DE60F0851FB9464800194AE7;
			remoteInfo = FirstKadaiApp;
		};
/* End PBXContainerItemProxy section */

/* Begin PBXFileReference section */
		DE60F0861FB9464800194AE7 /* FirstKadaiApp.app */ = {isa = PBXFileReference; explicitFileType = wrapper.application; includeInIndex = 0; path = FirstKadaiApp.app; sourceTree = BUILT_PRODUCTS_DIR; };
		DE60F0891FB9464800194AE7 /* AppDelegate.swift */ = {isa = PBXFileReference; lastKnownFileType = sourcecode.swift; path = AppDelegate.swift; sourceTree = "<group>"; };
		DE60F08B1FB9464800194AE7 /* ViewController.swift */ = {isa = PBXFileReference; lastKnownFileType = sourcecode.swift; path = ViewController.swift; sourceTree = "<group>"; };
		DE60F08E1FB9464800194AE7 /* Base */ = {isa = PBXFileReference; lastKnownFileType = file.storyboard; name = Base; path = Base.lproj/Main.storyboard; sourceTree = "<group>"; };
		DE60F0901FB9464800194AE7 /* Assets.xcassets */ = {isa = PBXFileReference; lastKnownFileType = folder.assetcatalog; path = Assets.xcassets; sourceTree = "<group>"; };
		DE60F0931FB9464800194AE7 /* Base */ = {isa = PBXFileReference; lastKnownFileType = file.storyboard; name = Base; path = Base.lproj/LaunchScreen.storyboard; sourceTree = "<group>"; };
		DE60F0951FB9464800194AE7 /* Info.plist */ = {isa = PBXFileReference; lastKnownFileType = text.plist.xml; path = Info.plist; sourceTree = "<group>"; };
		DE60F09A1FB9464800194AE7 /* FirstKadaiAppTests.xctest */ = {isa = PBXFileReference; explicitFileType = wrapper.cfbundle; includeInIndex = 0; path = FirstKadaiAppTests.xctest; sourceTree = BUILT_PRODUCTS_DIR; };
		DE60F09E1FB9464800194AE7 /* FirstKadaiAppTests.swift */ = {isa = PBXFileReference; lastKnownFileType = sourcecode.swift; path = FirstKadaiAppTests.swift; sourceTree = "<group>"; };
		DE60F0A01FB9464800194AE7 /* Info.plist */ = {isa = PBXFileReference; lastKnownFileType = text.plist.xml; path = Info.plist; sourceTree = "<group>"; };
		DE60F0A51FB9464800194AE7 /* FirstKadaiAppUITests.xctest */ = {isa = PBXFileReference; explicitFileType = wrapper.cfbundle; includeInIndex = 0; path = FirstKadaiAppUITests.xctest; sourceTree = BUILT_PRODUCTS_DIR; };
		DE60F0A91FB9464800194AE7 /* FirstKadaiAppUITests.swift */ = {isa = PBXFileReference; lastKnownFileType = sourcecode.swift; path = FirstKadaiAppUITests.swift; sourceTree = "<group>"; };
		DE60F0AB1FB9464800194AE7 /* Info.plist */ = {isa = PBXFileReference; lastKnownFileType = text.plist.xml; path = Info.plist; sourceTree = "<group>"; };
/* End PBXFileReference section */

/* Begin PBXFrameworksBuildPhase section */
		DE60F0831FB9464800194AE7 /* Frameworks */ = {
			isa = PBXFrameworksBuildPhase;
			buildActionMask = 2147483647;
			files = (
			);
			runOnlyForDeploymentPostprocessing = 0;
		};
		DE60F0971FB9464800194AE7 /* Frameworks */ = {
			isa = PBXFrameworksBuildPhase;
			buildActionMask = 2147483647;
			files = (
			);
			runOnlyForDeploymentPostprocessing = 0;
		};
		DE60F0A21FB9464800194AE7 /* Frameworks */ = {
			isa = PBXFrameworksBuildPhase;
			buildActionMask = 2147483647;
			files = (
			);
			runOnlyForDeploymentPostprocessing = 0;
		};
/* End PBXFrameworksBuildPhase section */

/* Begin PBXGroup section */
		DE60F07D1FB9464800194AE7 = {
			isa = PBXGroup;
			children = (
				DE60F0881FB9464800194AE7 /* FirstKadaiApp */,
				DE60F09D1FB9464800194AE7 /* FirstKadaiAppTests */,
				DE60F0A81FB9464800194AE7 /* FirstKadaiAppUITests */,
				DE60F0871FB9464800194AE7 /* Products */,
			);
			sourceTree = "<group>";
		};
		DE60F0871FB9464800194AE7 /* Products */ = {
			isa = PBXGroup;
			children = (
				DE60F0861FB9464800194AE7 /* FirstKadaiApp.app */,
				DE60F09A1FB9464800194AE7 /* FirstKadaiAppTests.xctest */,
				DE60F0A51FB9464800194AE7 /* FirstKadaiAppUITests.xctest */,
			);
			name = Products;
			sourceTree = "<group>";
		};
		DE60F0881FB9464800194AE7 /* FirstKadaiApp */ = {
			isa = PBXGroup;
			children = (
				DE60F0891FB9464800194AE7 /* AppDelegate.swift */,
				DE60F08B1FB9464800194AE7 /* ViewController.swift */,
				DE60F08D1FB9464800194AE7 /* Main.storyboard */,
				DE60F0901FB9464800194AE7 /* Assets.xcassets */,
				DE60F0921FB9464800194AE7 /* LaunchScreen.storyboard */,
				DE60F0951FB9464800194AE7 /* Info.plist */,
			);
			path = FirstKadaiApp;
			sourceTree = "<group>";
		};
		DE60F09D1FB9464800194AE7 /* FirstKadaiAppTests */ = {
			isa = PBXGroup;
			children = (
				DE60F09E1FB9464800194AE7 /* FirstKadaiAppTests.swift */,
				DE60F0A01FB9464800194AE7 /* Info.plist */,
			);
			path = FirstKadaiAppTests;
			sourceTree = "<group>";
		};
		DE60F0A81FB9464800194AE7 /* FirstKadaiAppUITests */ = {
			isa = PBXGroup;
			children = (
				DE60F0A91FB9464800194AE7 /* FirstKadaiAppUITests.swift */,
				DE60F0AB1FB9464800194AE7 /* Info.plist */,
			);
			path = FirstKadaiAppUITests;
			sourceTree = "<group>";
		};
/* End PBXGroup section */

/* Begin PBXNativeTarget section */
		DE60F0851FB9464800194AE7 /* FirstKadaiApp */ = {
			isa = PBXNativeTarget;
			buildConfigurationList = DE60F0AE1FB9464800194AE7 /* Build configuration list for PBXNativeTarget "FirstKadaiApp" */;
			buildPhases = (
				DE60F0821FB9464800194AE7 /* Sources */,
				DE60F0831FB9464800194AE7 /* Frameworks */,
				DE60F0841FB9464800194AE7 /* Resources */,
			);
			buildRules = (
			);
			dependencies = (
			);
			name = FirstKadaiApp;
			productName = FirstKadaiApp;
			productReference = DE60F0861FB9464800194AE7 /* FirstKadaiApp.app */;
			productType = "com.apple.product-type.application";
		};
		DE60F0991FB9464800194AE7 /* FirstKadaiAppTests */ = {
			isa = PBXNativeTarget;
			buildConfigurationList = DE60F0B11FB9464800194AE7 /* Build configuration list for PBXNativeTarget "FirstKadaiAppTests" */;
			buildPhases = (
				DE60F0961FB9464800194AE7 /* Sources */,
				DE60F0971FB9464800194AE7 /* Frameworks */,
				DE60F0981FB9464800194AE7 /* Resources */,
			);
			buildRules = (
			);
			dependencies = (
				DE60F09C1FB9464800194AE7 /* PBXTargetDependency */,
			);
			name = FirstKadaiAppTests;
			productName = FirstKadaiAppTests;
			productReference = DE60F09A1FB9464800194AE7 /* FirstKadaiAppTests.xctest */;
			productType = "com.apple.product-type.bundle.unit-test";
		};
		DE60F0A41FB9464800194AE7 /* FirstKadaiAppUITests */ = {
			isa = PBXNativeTarget;
			buildConfigurationList = DE60F0B41FB9464800194AE7 /* Build configuration list for PBXNativeTarget "FirstKadaiAppUITests" */;
			buildPhases = (
				DE60F0A11FB9464800194AE7 /* Sources */,
				DE60F0A21FB9464800194AE7 /* Frameworks */,
				DE60F0A31FB9464800194AE7 /* Resources */,
			);
			buildRules = (
			);
			dependencies = (
				DE60F0A71FB9464800194AE7 /* PBXTargetDependency */,
			);
			name = FirstKadaiAppUITests;
			productName = FirstKadaiAppUITests;
			productReference = DE60F0A51FB9464800194AE7 /* FirstKadaiAppUITests.xctest */;
			productType = "com.apple.product-type.bundle.ui-testing";
		};
/* End PBXNativeTarget section */

/* Begin PBXProject section */
		DE60F07E1FB9464800194AE7 /* Project object */ = {
			isa = PBXProject;
			attributes = {
				LastSwiftUpdateCheck = 0830;
				LastUpgradeCheck = 0830;
				ORGANIZATIONNAME = katsushima;
				TargetAttributes = {
					DE60F0851FB9464800194AE7 = {
						CreatedOnToolsVersion = 8.3.3;
						ProvisioningStyle = Automatic;
					};
					DE60F0991FB9464800194AE7 = {
						CreatedOnToolsVersion = 8.3.3;
						ProvisioningStyle = Automatic;
						TestTargetID = DE60F0851FB9464800194AE7;
					};
					DE60F0A41FB9464800194AE7 = {
						CreatedOnToolsVersion = 8.3.3;
						ProvisioningStyle = Automatic;
						TestTargetID = DE60F0851FB9464800194AE7;
					};
				};
			};
			buildConfigurationList = DE60F0811FB9464800194AE7 /* Build configuration list for PBXProject "FirstKadaiApp" */;
			compatibilityVersion = "Xcode 3.2";
			developmentRegion = English;
			hasScannedForEncodings = 0;
			knownRegions = (
				en,
				Base,
			);
			mainGroup = DE60F07D1FB9464800194AE7;
			productRefGroup = DE60F0871FB9464800194AE7 /* Products */;
			projectDirPath = "";
			projectRoot = "";
			targets = (
				DE60F0851FB9464800194AE7 /* FirstKadaiApp */,
				DE60F0991FB9464800194AE7 /* FirstKadaiAppTests */,
				DE60F0A41FB9464800194AE7 /* FirstKadaiAppUITests */,
			);
		};
/* End PBXProject section */

/* Begin PBXResourcesBuildPhase section */
		DE60F0841FB9464800194AE7 /* Resources */ = {
			isa = PBXResourcesBuildPhase;
			buildActionMask = 2147483647;
			files = (
				DE60F0941FB9464800194AE7 /* LaunchScreen.storyboard in Resources */,
				DE60F0911FB9464800194AE7 /* Assets.xcassets in Resources */,
				DE60F08F1FB9464800194AE7 /* Main.storyboard in Resources */,
			);
			runOnlyForDeploymentPostprocessing = 0;
		};
		DE60F0981FB9464800194AE7 /* Resources */ = {
			isa = PBXResourcesBuildPhase;
			buildActionMask = 2147483647;
			files = (
			);
			runOnlyForDeploymentPostprocessing = 0;
		};
		DE60F0A31FB9464800194AE7 /* Resources */ = {
			isa = PBXResourcesBuildPhase;
			buildActionMask = 2147483647;
			files = (
			);
			runOnlyForDeploymentPostprocessing = 0;
		};
/* End PBXResourcesBuildPhase section */

/* Begin PBXSourcesBuildPhase section */
		DE60F0821FB9464800194AE7 /* Sources */ = {
			isa = PBXSourcesBuildPhase;
			buildActionMask = 2147483647;
			files = (
				DE60F08C1FB9464800194AE7 /* ViewController.swift in Sources */,
				DE60F08A1FB9464800194AE7 /* AppDelegate.swift in Sources */,
			);
			runOnlyForDeploymentPostprocessing = 0;
		};
		DE60F0961FB9464800194AE7 /* Sources */ = {
			isa = PBXSourcesBuildPhase;
			buildActionMask = 2147483647;
			files = (
				DE60F09F1FB9464800194AE7 /* FirstKadaiAppTests.swift in Sources */,
			);
			runOnlyForDeploymentPostprocessing = 0;
		};
		DE60F0A11FB9464800194AE7 /* Sources */ = {
			isa = PBXSourcesBuildPhase;
			buildActionMask = 2147483647;
			files = (
				DE60F0AA1FB9464800194AE7 /* FirstKadaiAppUITests.swift in Sources */,
			);
			runOnlyForDeploymentPostprocessing = 0;
		};
/* End PBXSourcesBuildPhase section */

/* Begin PBXTargetDependency section */
		DE60F09C1FB9464800194AE7 /* PBXTargetDependency */ = {
			isa = PBXTargetDependency;
			target = DE60F0851FB9464800194AE7 /* FirstKadaiApp */;
			targetProxy = DE60F09B1FB9464800194AE7 /* PBXContainerItemProxy */;
		};
		DE60F0A71FB9464800194AE7 /* PBXTargetDependency */ = {
			isa = PBXTargetDependency;
			target = DE60F0851FB9464800194AE7 /* FirstKadaiApp */;
			targetProxy = DE60F0A61FB9464800194AE7 /* PBXContainerItemProxy */;
		};
/* End PBXTargetDependency section */

/* Begin PBXVariantGroup section */
		DE60F08D1FB9464800194AE7 /* Main.storyboard */ = {
			isa = PBXVariantGroup;
			children = (
				DE60F08E1FB9464800194AE7 /* Base */,
			);
			name = Main.storyboard;
			sourceTree = "<group>";
		};
		DE60F0921FB9464800194AE7 /* LaunchScreen.storyboard */ = {
			isa = PBXVariantGroup;
			children = (
				DE60F0931FB9464800194AE7 /* Base */,
			);
			name = LaunchScreen.storyboard;
			sourceTree = "<group>";
		};
/* End PBXVariantGroup section */

/* Begin XCBuildConfiguration section */
		DE60F0AC1FB9464800194AE7 /* Debug */ = {
			isa = XCBuildConfiguration;
			buildSettings = {
				ALWAYS_SEARCH_USER_PATHS = NO;
				CLANG_ANALYZER_NONNULL = YES;
				CLANG_ANALYZER_NUMBER_OBJECT_CONVERSION = YES_AGGRESSIVE;
				CLANG_CXX_LANGUAGE_STANDARD = "gnu++0x";
				CLANG_CXX_LIBRARY = "libc++";
				CLANG_ENABLE_MODULES = YES;
				CLANG_ENABLE_OBJC_ARC = YES;
				CLANG_WARN_BOOL_CONVERSION = YES;
				CLANG_WARN_CONSTANT_CONVERSION = YES;
				CLANG_WARN_DIRECT_OBJC_ISA_USAGE = YES_ERROR;
				CLANG_WARN_DOCUMENTATION_COMMENTS = YES;
				CLANG_WARN_EMPTY_BODY = YES;
				CLANG_WARN_ENUM_CONVERSION = YES;
				CLANG_WARN_INFINITE_RECURSION = YES;
				CLANG_WARN_INT_CONVERSION = YES;
				CLANG_WARN_OBJC_ROOT_CLASS = YES_ERROR;
				CLANG_WARN_SUSPICIOUS_MOVE = YES;
				CLANG_WARN_UNREACHABLE_CODE = YES;
				CLANG_WARN__DUPLICATE_METHOD_MATCH = YES;
				"CODE_SIGN_IDENTITY[sdk=iphoneos*]" = "iPhone Developer";
				COPY_PHASE_STRIP = NO;
				DEBUG_INFORMATION_FORMAT = dwarf;
				ENABLE_STRICT_OBJC_MSGSEND = YES;
				ENABLE_TESTABILITY = YES;
				GCC_C_LANGUAGE_STANDARD = gnu99;
				GCC_DYNAMIC_NO_PIC = NO;
				GCC_NO_COMMON_BLOCKS = YES;
				GCC_OPTIMIZATION_LEVEL = 0;
				GCC_PREPROCESSOR_DEFINITIONS = (
					"DEBUG=1",
					"$(inherited)",
				);
				GCC_WARN_64_TO_32_BIT_CONVERSION = YES;
				GCC_WARN_ABOUT_RETURN_TYPE = YES_ERROR;
				GCC_WARN_UNDECLARED_SELECTOR = YES;
				GCC_WARN_UNINITIALIZED_AUTOS = YES_AGGRESSIVE;
				GCC_WARN_UNUSED_FUNCTION = YES;
				GCC_WARN_UNUSED_VARIABLE = YES;
				IPHONEOS_DEPLOYMENT_TARGET = 10.3;
				MTL_ENABLE_DEBUG_INFO = YES;
				ONLY_ACTIVE_ARCH = YES;
				SDKROOT = iphoneos;
				SWIFT_ACTIVE_COMPILATION_CONDITIONS = DEBUG;
				SWIFT_OPTIMIZATION_LEVEL = "-Onone";
			};
			name = Debug;
		};
		DE60F0AD1FB9464800194AE7 /* Release */ = {
			isa = XCBuildConfiguration;
			buildSettings = {
				ALWAYS_SEARCH_USER_PATHS = NO;
				CLANG_ANALYZER_NONNULL = YES;
				CLANG_ANALYZER_NUMBER_OBJECT_CONVERSION = YES_AGGRESSIVE;
				CLANG_CXX_LANGUAGE_STANDARD = "gnu++0x";
				CLANG_CXX_LIBRARY = "libc++";
				CLANG_ENABLE_MODULES = YES;
				CLANG_ENABLE_OBJC_ARC = YES;
				CLANG_WARN_BOOL_CONVERSION = YES;
				CLANG_WARN_CONSTANT_CONVERSION = YES;
				CLANG_WARN_DIRECT_OBJC_ISA_USAGE = YES_ERROR;
				CLANG_WARN_DOCUMENTATION_COMMENTS = YES;
				CLANG_WARN_EMPTY_BODY = YES;
				CLANG_WARN_ENUM_CONVERSION = YES;
				CLANG_WARN_INFINITE_RECURSION = YES;
				CLANG_WARN_INT_CONVERSION = YES;
				CLANG_WARN_OBJC_ROOT_CLASS = YES_ERROR;
				CLANG_WARN_SUSPICIOUS_MOVE = YES;
				CLANG_WARN_UNREACHABLE_CODE = YES;
				CLANG_WARN__DUPLICATE_METHOD_MATCH = YES;
				"CODE_SIGN_IDENTITY[sdk=iphoneos*]" = "iPhone Developer";
				COPY_PHASE_STRIP = NO;
				DEBUG_INFORMATION_FORMAT = "dwarf-with-dsym";
				ENABLE_NS_ASSERTIONS = NO;
				ENABLE_STRICT_OBJC_MSGSEND = YES;
				GCC_C_LANGUAGE_STANDARD = gnu99;
				GCC_NO_COMMON_BLOCKS = YES;
				GCC_WARN_64_TO_32_BIT_CONVERSION = YES;
				GCC_WARN_ABOUT_RETURN_TYPE = YES_ERROR;
				GCC_WARN_UNDECLARED_SELECTOR = YES;
				GCC_WARN_UNINITIALIZED_AUTOS = YES_AGGRESSIVE;
				GCC_WARN_UNUSED_FUNCTION = YES;
				GCC_WARN_UNUSED_VARIABLE = YES;
				IPHONEOS_DEPLOYMENT_TARGET = 10.3;
				MTL_ENABLE_DEBUG_INFO = NO;
				SDKROOT = iphoneos;
				SWIFT_OPTIMIZATION_LEVEL = "-Owholemodule";
				VALIDATE_PRODUCT = YES;
			};
			name = Release;
		};
		DE60F0AF1FB9464800194AE7 /* Debug */ = {
			isa = XCBuildConfiguration;
			buildSettings = {
				ASSETCATALOG_COMPILER_APPICON_NAME = AppIcon;
				INFOPLIST_FILE = FirstKadaiApp/Info.plist;
				LD_RUNPATH_SEARCH_PATHS = "$(inherited) @executable_path/Frameworks";
				PRODUCT_BUNDLE_IDENTIFIER = jp.techacademy.katsushima.FirstKadaiApp;
				PRODUCT_NAME = "$(TARGET_NAME)";
				SWIFT_VERSION = 3.0;
			};
			name = Debug;
		};
		DE60F0B01FB9464800194AE7 /* Release */ = {
			isa = XCBuildConfiguration;
			buildSettings = {
				ASSETCATALOG_COMPILER_APPICON_NAME = AppIcon;
				INFOPLIST_FILE = FirstKadaiApp/Info.plist;
				LD_RUNPATH_SEARCH_PATHS = "$(inherited) @executable_path/Frameworks";
				PRODUCT_BUNDLE_IDENTIFIER = jp.techacademy.katsushima.FirstKadaiApp;
				PRODUCT_NAME = "$(TARGET_NAME)";
				SWIFT_VERSION = 3.0;
			};
			name = Release;
		};
		DE60F0B21FB9464800194AE7 /* Debug */ = {
			isa = XCBuildConfiguration;
			buildSettings = {
				ALWAYS_EMBED_SWIFT_STANDARD_LIBRARIES = YES;
				BUNDLE_LOADER = "$(TEST_HOST)";
				INFOPLIST_FILE = FirstKadaiAppTests/Info.plist;
				LD_RUNPATH_SEARCH_PATHS = "$(inherited) @executable_path/Frameworks @loader_path/Frameworks";
				PRODUCT_BUNDLE_IDENTIFIER = jp.techacademy.katsushima.FirstKadaiAppTests;
				PRODUCT_NAME = "$(TARGET_NAME)";
				SWIFT_VERSION = 3.0;
				TEST_HOST = "$(BUILT_PRODUCTS_DIR)/FirstKadaiApp.app/FirstKadaiApp";
			};
			name = Debug;
		};
		DE60F0B31FB9464800194AE7 /* Release */ = {
			isa = XCBuildConfiguration;
			buildSettings = {
				ALWAYS_EMBED_SWIFT_STANDARD_LIBRARIES = YES;
				BUNDLE_LOADER = "$(TEST_HOST)";
				INFOPLIST_FILE = FirstKadaiAppTests/Info.plist;
				LD_RUNPATH_SEARCH_PATHS = "$(inherited) @executable_path/Frameworks @loader_path/Frameworks";
				PRODUCT_BUNDLE_IDENTIFIER = jp.techacademy.katsushima.FirstKadaiAppTests;
				PRODUCT_NAME = "$(TARGET_NAME)";
				SWIFT_VERSION = 3.0;
				TEST_HOST = "$(BUILT_PRODUCTS_DIR)/FirstKadaiApp.app/FirstKadaiApp";
			};
			name = Release;
		};
		DE60F0B51FB9464800194AE7 /* Debug */ = {
			isa = XCBuildConfiguration;
			buildSettings = {
				ALWAYS_EMBED_SWIFT_STANDARD_LIBRARIES = YES;
				INFOPLIST_FILE = FirstKadaiAppUITests/Info.plist;
				LD_RUNPATH_SEARCH_PATHS = "$(inherited) @executable_path/Frameworks @loader_path/Frameworks";
				PRODUCT_BUNDLE_IDENTIFIER = jp.techacademy.katsushima.FirstKadaiAppUITests;
				PRODUCT_NAME = "$(TARGET_NAME)";
				SWIFT_VERSION = 3.0;
				TEST_TARGET_NAME = FirstKadaiApp;
			};
			name = Debug;
		};
		DE60F0B61FB9464800194AE7 /* Release */ = {
			isa = XCBuildConfiguration;
			buildSettings = {
				ALWAYS_EMBED_SWIFT_STANDARD_LIBRARIES = YES;
				INFOPLIST_FILE = FirstKadaiAppUITests/Info.plist;
				LD_RUNPATH_SEARCH_PATHS = "$(inherited) @executable_path/Frameworks @loader_path/Frameworks";
				PRODUCT_BUNDLE_IDENTIFIER = jp.techacademy.katsushima.FirstKadaiAppUITests;
				PRODUCT_NAME = "$(TARGET_NAME)";
				SWIFT_VERSION = 3.0;
				TEST_TARGET_NAME = FirstKadaiApp;
			};
			name = Release;
		};
/* End XCBuildConfiguration section */

/* Begin XCConfigurationList section */
		DE60F0811FB9464800194AE7 /* Build configuration list for PBXProject "FirstKadaiApp" */ = {
			isa = XCConfigurationList;
			buildConfigurations = (
				DE60F0AC1FB9464800194AE7 /* Debug */,
				DE60F0AD1FB9464800194AE7 /* Release */,
			);
			defaultConfigurationIsVisible = 0;
			defaultConfigurationName = Release;
		};
		DE60F0AE1FB9464800194AE7 /* Build configuration list for PBXNativeTarget "FirstKadaiApp" */ = {
			isa = XCConfigurationList;
			buildConfigurations = (
				DE60F0AF1FB9464800194AE7 /* Debug */,
				DE60F0B01FB9464800194AE7 /* Release */,
			);
			defaultConfigurationIsVisible = 0;
		};
		DE60F0B11FB9464800194AE7 /* Build configuration list for PBXNativeTarget "FirstKadaiAppTests" */ = {
			isa = XCConfigurationList;
			buildConfigurations = (
				DE60F0B21FB9464800194AE7 /* Debug */,
				DE60F0B31FB9464800194AE7 /* Release */,
			);
			defaultConfigurationIsVisible = 0;
		};
		DE60F0B41FB9464800194AE7 /* Build configuration list for PBXNativeTarget "FirstKadaiAppUITests" */ = {
			isa = XCConfigurationList;
			buildConfigurations = (
				DE60F0B51FB9464800194AE7 /* Debug */,
				DE60F0B61FB9464800194AE7 /* Release */,
			);
			defaultConfigurationIsVisible = 0;
		};
/* End XCConfigurationList section */
	};
	rootObject = DE60F07E1FB9464800194AE7 /* Project object */;
}
